
Microsoft Visual Studio Solution File, Format Version 12.00
# Visual Studio Version 16
VisualStudioVersion = 16.0.32126.315
MinimumVisualStudioVersion = 10.0.40219.1
Project("{9A19103F-16F7-4668-BE54-9A1E7A4F7556}") = "IO.Swagger", "src\IO.Swagger\IO.Swagger.csproj", "{B655E3FF-D914-4269-B376-5ADC49729C53}"
EndProject
Global
	GlobalSection(SolutionConfigurationPlatforms) = preSolution
		Debug|Any CPU = Debug|Any CPU
		Release|Any CPU = Release|Any CPU
	EndGlobalSection
	GlobalSection(ProjectConfigurationPlatforms) = postSolution
		{B655E3FF-D914-4269-B376-5ADC49729C53}.Debug|Any CPU.ActiveCfg = Debug|Any CPU
		{B655E3FF-D914-4269-B376-5ADC49729C53}.Debug|Any CPU.Build.0 = Debug|Any CPU
		{B655E3FF-D914-4269-B376-5ADC49729C53}.Release|Any CPU.ActiveCfg = Release|Any CPU
		{B655E3FF-D914-4269-B376-5ADC49729C53}.Release|Any CPU.Build.0 = Release|Any CPU
	EndGlobalSection
	GlobalSection(SolutionProperties) = preSolution
		HideSolutionNode = FALSE
	EndGlobalSection
	GlobalSection(ExtensibilityGlobals) = postSolution
		SolutionGuid = {8D053E08-DDB3-499A-A58B-34A603C8904C}
	EndGlobalSection
EndGlobal
